# THIS IS AN AUTOGENERATED FILE. DO NOT EDIT THIS FILE DIRECTLY.
# yarn lockfile v1


imba@^2.0.0-alpha.9:
  version "2.0.0-alpha.9"
  resolved "https://registry.yarnpkg.com/imba/-/imba-2.0.0-alpha.9.tgz#1fa2223329af25183900205e2b42fdf52437116f"
  integrity sha512-e76QoS+Bg18WZv2d4BHz1FuQMCmpMGhYHgO7zRMWlXX39i1W4HhIq0ZbkgHrgLRTlyhu0zGaiIjYulfhs3EDTg==
